// !$*UTF8*$!
{
	archiveVersion = 1;
	classes = {
	};
	objectVersion = 46;
	objects = {

/* Begin PBXBuildFile section */
		455A745F1B151AD900A6193F /* main.cpp in Sources */ = {isa = PBXBuildFile; fileRef = 455A745E1B151AD900A6193F /* main.cpp */; };
		455A74671B151AF300A6193F /* Sequence.cpp in Sources */ = {isa = PBXBuildFile; fileRef = 455A74651B151AF300A6193F /* Sequence.cpp */; };
/* End PBXBuildFile section */

/* Begin PBXCopyFilesBuildPhase section */
		455A74591B151AD900A6193F /* CopyFiles */ = {
			isa = PBXCopyFilesBuildPhase;
			buildActionMask = 2147483647;
			dstPath = /usr/share/man/man1/;
			dstSubfolderSpec = 0;
			files = (
			);
			runOnlyForDeploymentPostprocessing = 1;
		};
/* End PBXCopyFilesBuildPhase section */

/* Begin PBXFileReference section */
		455A745B1B151AD900A6193F /* Homework 4 Number 1 version 2 */ = {isa = PBXFileReference; explicitFileType = "compiled.mach-o.executable"; includeInIndex = 0; path = "Homework 4 Number 1 version 2"; sourceTree = BUILT_PRODUCTS_DIR; };
		455A745E1B151AD900A6193F /* main.cpp */ = {isa = PBXFileReference; lastKnownFileType = sourcecode.cpp.cpp; path = main.cpp; sourceTree = "<group>"; };
		455A74651B151AF300A6193F /* Sequence.cpp */ = {isa = PBXFileReference; fileEncoding = 4; lastKnownFileType = sourcecode.cpp.cpp; path = Sequence.cpp; sourceTree = "<group>"; };
		455A74661B151AF300A6193F /* Sequence.h */ = {isa = PBXFileReference; fileEncoding = 4; lastKnownFileType = sourcecode.c.h; path = Sequence.h; sourceTree = "<group>"; };
/* End PBXFileReference section */

/* Begin PBXFrameworksBuildPhase section */
		455A74581B151AD900A6193F /* Frameworks */ = {
			isa = PBXFrameworksBuildPhase;
			buildActionMask = 2147483647;
			files = (
			);
			runOnlyForDeploymentPostprocessing = 0;
		};
/* End PBXFrameworksBuildPhase section */

/* Begin PBXGroup section */
		455A74521B151AD900A6193F = {
			isa = PBXGroup;
			children = (
				455A745D1B151AD900A6193F /* Homework 4 Number 1 version 2 */,
				455A745C1B151AD900A6193F /* Products */,
			);
			sourceTree = "<group>";
		};
		455A745C1B151AD900A6193F /* Products */ = {
			isa = PBXGroup;
			children = (
				455A745B1B151AD900A6193F /* Homework 4 Number 1 version 2 */,
			);
			name = Products;
			sourceTree = "<group>";
		};
		455A745D1B151AD900A6193F /* Homework 4 Number 1 version 2 */ = {
			isa = PBXGroup;
			children = (
				455A745E1B151AD900A6193F /* main.cpp */,
				455A74651B151AF300A6193F /* Sequence.cpp */,
				455A74661B151AF300A6193F /* Sequence.h */,
			);
			path = "Homework 4 Number 1 version 2";
			sourceTree = "<group>";
		};
/* End PBXGroup section */

/* Begin PBXNativeTarget section */
		455A745A1B151AD900A6193F /* Homework 4 Number 1 version 2 */ = {
			isa = PBXNativeTarget;
			buildConfigurationList = 455A74621B151AD900A6193F /* Build configuration list for PBXNativeTarget "Homework 4 Number 1 version 2" */;
			buildPhases = (
				455A74571B151AD900A6193F /* Sources */,
				455A74581B151AD900A6193F /* Frameworks */,
				455A74591B151AD900A6193F /* CopyFiles */,
			);
			buildRules = (
			);
			dependencies = (
			);
			name = "Homework 4 Number 1 version 2";
			productName = "Homework 4 Number 1 version 2";
			productReference = 455A745B1B151AD900A6193F /* Homework 4 Number 1 version 2 */;
			productType = "com.apple.product-type.tool";
		};
/* End PBXNativeTarget section */

/* Begin PBXProject section */
		455A74531B151AD900A6193F /* Project object */ = {
			isa = PBXProject;
			attributes = {
				LastUpgradeCheck = 0630;
				ORGANIZATIONNAME = "Michael Wang";
				TargetAttributes = {
					455A745A1B151AD900A6193F = {
						CreatedOnToolsVersion = 6.3.2;
					};
				};
			};
			buildConfigurationList = 455A74561B151AD900A6193F /* Build configuration list for PBXProject "Homework 4 Number 1 version 2" */;
			compatibilityVersion = "Xcode 3.2";
			developmentRegion = English;
			hasScannedForEncodings = 0;
			knownRegions = (
				en,
			);
			mainGroup = 455A74521B151AD900A6193F;
			productRefGroup = 455A745C1B151AD900A6193F /* Products */;
			projectDirPath = "";
			projectRoot = "";
			targets = (
				455A745A1B151AD900A6193F /* Homework 4 Number 1 version 2 */,
			);
		};
/* End PBXProject section */

/* Begin PBXSourcesBuildPhase section */
		455A74571B151AD900A6193F /* Sources */ = {
			isa = PBXSourcesBuildPhase;
			buildActionMask = 2147483647;
			files = (
				455A74671B151AF300A6193F /* Sequence.cpp in Sources */,
				455A745F1B151AD900A6193F /* main.cpp in Sources */,
			);
			runOnlyForDeploymentPostprocessing = 0;
		};
/* End PBXSourcesBuildPhase section */

/* Begin XCBuildConfiguration section */
		455A74601B151AD900A6193F /* Debug */ = {
			isa = XCBuildConfiguration;
			buildSettings = {
				ALWAYS_SEARCH_USER_PATHS = NO;
				CLANG_CXX_LANGUAGE_STANDARD = "gnu++0x";
				CLANG_CXX_LIBRARY = "libc++";
				CLANG_ENABLE_MODULES = YES;
				CLANG_ENABLE_OBJC_ARC = YES;
				CLANG_WARN_BOOL_CONVERSION = YES;
				CLANG_WARN_CONSTANT_CONVERSION = YES;
				CLANG_WARN_DIRECT_OBJC_ISA_USAGE = YES_ERROR;
				CLANG_WARN_EMPTY_BODY = YES;
				CLANG_WARN_ENUM_CONVERSION = YES;
				CLANG_WARN_INT_CONVERSION = YES;
				CLANG_WARN_OBJC_ROOT_CLASS = YES_ERROR;
				CLANG_WARN_UNREACHABLE_CODE = YES;
				CLANG_WARN__DUPLICATE_METHOD_MATCH = YES;
				COPY_PHASE_STRIP = NO;
				DEBUG_INFORMATION_FORMAT = dwarf;
				ENABLE_STRICT_OBJC_MSGSEND = YES;
				GCC_C_LANGUAGE_STANDARD = gnu99;
				GCC_DYNAMIC_NO_PIC = NO;
				GCC_NO_COMMON_BLOCKS = YES;
				GCC_OPTIMIZATION_LEVEL = 0;
				GCC_PREPROCESSOR_DEFINITIONS = (
					"DEBUG=1",
					"$(inherited)",
				);
				GCC_SYMBOLS_PRIVATE_EXTERN = NO;
				GCC_WARN_64_TO_32_BIT_CONVERSION = YES;
				GCC_WARN_ABOUT_RETURN_TYPE = YES_ERROR;
				GCC_WARN_UNDECLARED_SELECTOR = YES;
				GCC_WARN_UNINITIALIZED_AUTOS = YES_AGGRESSIVE;
				GCC_WARN_UNUSED_FUNCTION = YES;
				GCC_WARN_UNUSED_VARIABLE = YES;
				MACOSX_DEPLOYMENT_TARGET = 10.10;
				MTL_ENABLE_DEBUG_INFO = YES;
				ONLY_ACTIVE_ARCH = YES;
				SDKROOT = macosx;
			};
			name = Debug;
		};
		455A74611B151AD900A6193F /* Release */ = {
			isa = XCBuildConfiguration;
			buildSettings = {
				ALWAYS_SEARCH_USER_PATHS = NO;
				CLANG_CXX_LANGUAGE_STANDARD = "gnu++0x";
				CLANG_CXX_LIBRARY = "libc++";
				CLANG_ENABLE_MODULES = YES;
				CLANG_ENABLE_OBJC_ARC = YES;
				CLANG_WARN_BOOL_CONVERSION = YES;
				CLANG_WARN_CONSTANT_CONVERSION = YES;
				CLANG_WARN_DIRECT_OBJC_ISA_USAGE = YES_ERROR;
				CLANG_WARN_EMPTY_BODY = YES;
				CLANG_WARN_ENUM_CONVERSION = YES;
				CLANG_WARN_INT_CONVERSION = YES;
				CLANG_WARN_OBJC_ROOT_CLASS = YES_ERROR;
				CLANG_WARN_UNREACHABLE_CODE = YES;
				CLANG_WARN__DUPLICATE_METHOD_MATCH = YES;
				COPY_PHASE_STRIP = NO;
				DEBUG_INFORMATION_FORMAT = "dwarf-with-dsym";
				ENABLE_NS_ASSERTIONS = NO;
				ENABLE_STRICT_OBJC_MSGSEND = YES;
				GCC_C_LANGUAGE_STANDARD = gnu99;
				GCC_NO_COMMON_BLOCKS = YES;
				GCC_WARN_64_TO_32_BIT_CONVERSION = YES;
				GCC_WARN_ABOUT_RETURN_TYPE = YES_ERROR;
				GCC_WARN_UNDECLARED_SELECTOR = YES;
				GCC_WARN_UNINITIALIZED_AUTOS = YES_AGGRESSIVE;
				GCC_WARN_UNUSED_FUNCTION = YES;
				GCC_WARN_UNUSED_VARIABLE = YES;
				MACOSX_DEPLOYMENT_TARGET = 10.10;
				MTL_ENABLE_DEBUG_INFO = NO;
				SDKROOT = macosx;
			};
			name = Release;
		};
		455A74631B151AD900A6193F /* Debug */ = {
			isa = XCBuildConfiguration;
			buildSettings = {
				PRODUCT_NAME = "$(TARGET_NAME)";
			};
			name = Debug;
		};
		455A74641B151AD900A6193F /* Release */ = {
			isa = XCBuildConfiguration;
			buildSettings = {
				PRODUCT_NAME = "$(TARGET_NAME)";
			};
			name = Release;
		};
/* End XCBuildConfiguration section */

/* Begin XCConfigurationList section */
		455A74561B151AD900A6193F /* Build configuration list for PBXProject "Homework 4 Number 1 version 2" */ = {
			isa = XCConfigurationList;
			buildConfigurations = (
				455A74601B151AD900A6193F /* Debug */,
				455A74611B151AD900A6193F /* Release */,
			);
			defaultConfigurationIsVisible = 0;
			defaultConfigurationName = Release;
		};
		455A74621B151AD900A6193F /* Build configuration list for PBXNativeTarget "Homework 4 Number 1 version 2" */ = {
			isa = XCConfigurationList;
			buildConfigurations = (
				455A74631B151AD900A6193F /* Debug */,
				455A74641B151AD900A6193F /* Release */,
			);
			defaultConfigurationIsVisible = 0;
		};
/* End XCConfigurationList section */
	};
	rootObject = 455A74531B151AD900A6193F /* Project object */;
}
